{
  "name": "osu-bpm-changer",
  "version": "1.0.4",
  "lockfileVersion": 2,
  "requires": true,
  "packages": {
    "": {
      "name": "osu-bpm-changer",
      "version": "1.0.4",
      "hasInstallScript": true,
      "license": "MIT",
      "devDependencies": {
        "@types/app-root-path": "^1.2.4",
        "@types/lodash": "^4.14.170",
        "@types/winreg": "^1.2.31"
      }
    },
    "node_modules/@types/app-root-path": {
      "version": "1.2.4",
      "resolved": "https://registry.npmjs.org/@types/app-root-path/-/app-root-path-1.2.4.tgz",
      "integrity": "sha1-p4twMoKzKsVN52j1US7MNWmRncc=",
      "dev": true
    },
    "node_modules/@types/lodash": {
      "version": "4.14.170",
      "resolved": "https://registry.npmjs.org/@types/lodash/-/lodash-4.14.170.tgz",
      "integrity": "sha512-bpcvu/MKHHeYX+qeEN8GE7DIravODWdACVA1ctevD8CN24RhPZIKMn9ntfAsrvLfSX3cR5RrBKAbYm9bGs0A+Q==",
      "dev": true
    },
    "node_modules/@types/winreg": {
      "version": "1.2.31",
      "resolved": "https://registry.npmjs.org/@types/winreg/-/winreg-1.2.31.tgz",
      "integrity": "sha512-SDatEMEtQ1cJK3esIdH6colduWBP+42Xw9Guq1sf/N6rM3ZxgljBduvZOwBsxRps/k5+Wwf5HJun6pH8OnD2gg==",
      "dev": true
    }
  },
  "dependencies": {
    "@types/app-root-path": {
      "version": "1.2.4",
      "resolved": "https://registry.npmjs.org/@types/app-root-path/-/app-root-path-1.2.4.tgz",
      "integrity": "sha1-p4twMoKzKsVN52j1US7MNWmRncc=",
      "dev": true
    },
    "@types/lodash": {
      "version": "4.14.170",
      "resolved": "https://registry.npmjs.org/@types/lodash/-/lodash-4.14.170.tgz",
      "integrity": "sha512-bpcvu/MKHHeYX+qeEN8GE7DIravODWdACVA1ctevD8CN24RhPZIKMn9ntfAsrvLfSX3cR5RrBKAbYm9bGs0A+Q==",
      "dev": true
    },
    "@types/winreg": {
      "version": "1.2.31",
      "resolved": "https://registry.npmjs.org/@types/winreg/-/winreg-1.2.31.tgz",
      "integrity": "sha512-SDatEMEtQ1cJK3esIdH6colduWBP+42Xw9Guq1sf/N6rM3ZxgljBduvZOwBsxRps/k5+Wwf5HJun6pH8OnD2gg==",
      "dev": true
    }
  }
}
