# THIS IS AN AUTOGENERATED FILE. DO NOT EDIT THIS FILE DIRECTLY.
# yarn lockfile v1


"@types/app-root-path@^1.2.4":
  "integrity" "sha1-p4twMoKzKsVN52j1US7MNWmRncc="
  "resolved" "https://registry.npmjs.org/@types/app-root-path/-/app-root-path-1.2.4.tgz"
  "version" "1.2.4"

"@types/lodash@^4.14.170":
  "integrity" "sha512-bpcvu/MKHHeYX+qeEN8GE7DIravODWdACVA1ctevD8CN24RhPZIKMn9ntfAsrvLfSX3cR5RrBKAbYm9bGs0A+Q=="
  "resolved" "https://registry.npmjs.org/@types/lodash/-/lodash-4.14.170.tgz"
  "version" "4.14.170"

"@types/winreg@^1.2.31":
  "integrity" "sha512-SDatEMEtQ1cJK3esIdH6colduWBP+42Xw9Guq1sf/N6rM3ZxgljBduvZOwBsxRps/k5+Wwf5HJun6pH8OnD2gg=="
  "resolved" "https://registry.npmjs.org/@types/winreg/-/winreg-1.2.31.tgz"
  "version" "1.2.31"
